// !$*UTF8*$!
{
	archiveVersion = 1;
	classes = {
	};
	objectVersion = 46;
	objects = {

/* Begin PBXBuildFile section */
		4FC420F11E8B0D3A0032D58A /* AppDelegate.swift in Sources */ = {isa = PBXBuildFile; fileRef = 4FC420F01E8B0D3A0032D58A /* AppDelegate.swift */; };
		4FC420F31E8B0D3A0032D58A /* ViewController.swift in Sources */ = {isa = PBXBuildFile; fileRef = 4FC420F21E8B0D3A0032D58A /* ViewController.swift */; };
		4FC420F61E8B0D3A0032D58A /* Main.storyboard in Resources */ = {isa = PBXBuildFile; fileRef = 4FC420F41E8B0D3A0032D58A /* Main.storyboard */; };
		4FC420F81E8B0D3A0032D58A /* Assets.xcassets in Resources */ = {isa = PBXBuildFile; fileRef = 4FC420F71E8B0D3A0032D58A /* Assets.xcassets */; };
		4FC420FB1E8B0D3A0032D58A /* LaunchScreen.storyboard in Resources */ = {isa = PBXBuildFile; fileRef = 4FC420F91E8B0D3A0032D58A /* LaunchScreen.storyboard */; };
/* End PBXBuildFile section */

/* Begin PBXFileReference section */
		4FC420ED1E8B0D3A0032D58A /* LUApps.app */ = {isa = PBXFileReference; explicitFileType = wrapper.application; includeInIndex = 0; path = LUApps.app; sourceTree = BUILT_PRODUCTS_DIR; };
		4FC420F01E8B0D3A0032D58A /* AppDelegate.swift */ = {isa = PBXFileReference; lastKnownFileType = sourcecode.swift; path = AppDelegate.swift; sourceTree = "<group>"; };
		4FC420F21E8B0D3A0032D58A /* ViewController.swift */ = {isa = PBXFileReference; lastKnownFileType = sourcecode.swift; path = ViewController.swift; sourceTree = "<group>"; };
		4FC420F51E8B0D3A0032D58A /* Base */ = {isa = PBXFileReference; lastKnownFileType = file.storyboard; name = Base; path = Base.lproj/Main.storyboard; sourceTree = "<group>"; };
		4FC420F71E8B0D3A0032D58A /* Assets.xcassets */ = {isa = PBXFileReference; lastKnownFileType = folder.assetcatalog; path = Assets.xcassets; sourceTree = "<group>"; };
		4FC420FA1E8B0D3A0032D58A /* Base */ = {isa = PBXFileReference; lastKnownFileType = file.storyboard; name = Base; path = Base.lproj/LaunchScreen.storyboard; sourceTree = "<group>"; };
		4FC420FC1E8B0D3A0032D58A /* Info.plist */ = {isa = PBXFileReference; lastKnownFileType = text.plist.xml; path = Info.plist; sourceTree = "<group>"; };
/* End PBXFileReference section */

/* Begin PBXFrameworksBuildPhase section */
		4FC420EA1E8B0D3A0032D58A /* Frameworks */ = {
			isa = PBXFrameworksBuildPhase;
			buildActionMask = 2147483647;
			files = (
			);
			runOnlyForDeploymentPostprocessing = 0;
		};
/* End PBXFrameworksBuildPhase section */

/* Begin PBXGroup section */
		4FC420E41E8B0D3A0032D58A = {
			isa = PBXGroup;
			children = (
				4FC420EF1E8B0D3A0032D58A /* LUApps */,
				4FC420EE1E8B0D3A0032D58A /* Products */,
			);
			sourceTree = "<group>";
		};
		4FC420EE1E8B0D3A0032D58A /* Products */ = {
			isa = PBXGroup;
			children = (
				4FC420ED1E8B0D3A0032D58A /* LUApps.app */,
			);
			name = Products;
			sourceTree = "<group>";
		};
		4FC420EF1E8B0D3A0032D58A /* LUApps */ = {
			isa = PBXGroup;
			children = (
				4FC420F01E8B0D3A0032D58A /* AppDelegate.swift */,
				4FC420F21E8B0D3A0032D58A /* ViewController.swift */,
				4FC420F41E8B0D3A0032D58A /* Main.storyboard */,
				4FC420F71E8B0D3A0032D58A /* Assets.xcassets */,
				4FC420F91E8B0D3A0032D58A /* LaunchScreen.storyboard */,
				4FC420FC1E8B0D3A0032D58A /* Info.plist */,
			);
			path = LUApps;
			sourceTree = "<group>";
		};
/* End PBXGroup section */

/* Begin PBXNativeTarget section */
		4FC420EC1E8B0D3A0032D58A /* LUApps */ = {
			isa = PBXNativeTarget;
			buildConfigurationList = 4FC420FF1E8B0D3A0032D58A /* Build configuration list for PBXNativeTarget "LUApps" */;
			buildPhases = (
				4FC420E91E8B0D3A0032D58A /* Sources */,
				4FC420EA1E8B0D3A0032D58A /* Frameworks */,
				4FC420EB1E8B0D3A0032D58A /* Resources */,
			);
			buildRules = (
			);
			dependencies = (
			);
			name = LUApps;
			productName = LUApps;
			productReference = 4FC420ED1E8B0D3A0032D58A /* LUApps.app */;
			productType = "com.apple.product-type.application";
		};
/* End PBXNativeTarget section */

/* Begin PBXProject section */
		4FC420E51E8B0D3A0032D58A /* Project object */ = {
			isa = PBXProject;
			attributes = {
				LastSwiftUpdateCheck = 0830;
				LastUpgradeCheck = 0830;
				ORGANIZATIONNAME = "--";
				TargetAttributes = {
					4FC420EC1E8B0D3A0032D58A = {
						CreatedOnToolsVersion = 8.3;
						DevelopmentTeam = R3Z733BZ2Q;
						ProvisioningStyle = Automatic;
					};
				};
			};
			buildConfigurationList = 4FC420E81E8B0D3A0032D58A /* Build configuration list for PBXProject "LUApps" */;
			compatibilityVersion = "Xcode 3.2";
			developmentRegion = English;
			hasScannedForEncodings = 0;
			knownRegions = (
				en,
				Base,
			);
			mainGroup = 4FC420E41E8B0D3A0032D58A;
			productRefGroup = 4FC420EE1E8B0D3A0032D58A /* Products */;
			projectDirPath = "";
			projectRoot = "";
			targets = (
				4FC420EC1E8B0D3A0032D58A /* LUApps */,
			);
		};
/* End PBXProject section */

/* Begin PBXResourcesBuildPhase section */
		4FC420EB1E8B0D3A0032D58A /* Resources */ = {
			isa = PBXResourcesBuildPhase;
			buildActionMask = 2147483647;
			files = (
				4FC420FB1E8B0D3A0032D58A /* LaunchScreen.storyboard in Resources */,
				4FC420F81E8B0D3A0032D58A /* Assets.xcassets in Resources */,
				4FC420F61E8B0D3A0032D58A /* Main.storyboard in Resources */,
			);
			runOnlyForDeploymentPostprocessing = 0;
		};
/* End PBXResourcesBuildPhase section */

/* Begin PBXSourcesBuildPhase section */
		4FC420E91E8B0D3A0032D58A /* Sources */ = {
			isa = PBXSourcesBuildPhase;
			buildActionMask = 2147483647;
			files = (
				4FC420F31E8B0D3A0032D58A /* ViewController.swift in Sources */,
				4FC420F11E8B0D3A0032D58A /* AppDelegate.swift in Sources */,
			);
			runOnlyForDeploymentPostprocessing = 0;
		};
/* End PBXSourcesBuildPhase section */

/* Begin PBXVariantGroup section */
		4FC420F41E8B0D3A0032D58A /* Main.storyboard */ = {
			isa = PBXVariantGroup;
			children = (
				4FC420F51E8B0D3A0032D58A /* Base */,
			);
			name = Main.storyboard;
			sourceTree = "<group>";
		};
		4FC420F91E8B0D3A0032D58A /* LaunchScreen.storyboard */ = {
			isa = PBXVariantGroup;
			children = (
				4FC420FA1E8B0D3A0032D58A /* Base */,
			);
			name = LaunchScreen.storyboard;
			sourceTree = "<group>";
		};
/* End PBXVariantGroup section */

/* Begin XCBuildConfiguration section */
		4FC420FD1E8B0D3A0032D58A /* Debug */ = {
			isa = XCBuildConfiguration;
			buildSettings = {
				ALWAYS_SEARCH_USER_PATHS = NO;
				CLANG_ANALYZER_NONNULL = YES;
				CLANG_ANALYZER_NUMBER_OBJECT_CONVERSION = YES_AGGRESSIVE;
				CLANG_CXX_LANGUAGE_STANDARD = "gnu++0x";
				CLANG_CXX_LIBRARY = "libc++";
				CLANG_ENABLE_MODULES = YES;
				CLANG_ENABLE_OBJC_ARC = YES;
				CLANG_WARN_BOOL_CONVERSION = YES;
				CLANG_WARN_CONSTANT_CONVERSION = YES;
				CLANG_WARN_DIRECT_OBJC_ISA_USAGE = YES_ERROR;
				CLANG_WARN_DOCUMENTATION_COMMENTS = YES;
				CLANG_WARN_EMPTY_BODY = YES;
				CLANG_WARN_ENUM_CONVERSION = YES;
				CLANG_WARN_INFINITE_RECURSION = YES;
				CLANG_WARN_INT_CONVERSION = YES;
				CLANG_WARN_OBJC_ROOT_CLASS = YES_ERROR;
				CLANG_WARN_SUSPICIOUS_MOVE = YES;
				CLANG_WARN_UNREACHABLE_CODE = YES;
				CLANG_WARN__DUPLICATE_METHOD_MATCH = YES;
				"CODE_SIGN_IDENTITY[sdk=iphoneos*]" = "iPhone Developer";
				COPY_PHASE_STRIP = NO;
				DEBUG_INFORMATION_FORMAT = dwarf;
				ENABLE_STRICT_OBJC_MSGSEND = YES;
				ENABLE_TESTABILITY = YES;
				GCC_C_LANGUAGE_STANDARD = gnu99;
				GCC_DYNAMIC_NO_PIC = NO;
				GCC_NO_COMMON_BLOCKS = YES;
				GCC_OPTIMIZATION_LEVEL = 0;
				GCC_PREPROCESSOR_DEFINITIONS = (
					"DEBUG=1",
					"$(inherited)",
				);
				GCC_WARN_64_TO_32_BIT_CONVERSION = YES;
				GCC_WARN_ABOUT_RETURN_TYPE = YES_ERROR;
				GCC_WARN_UNDECLARED_SELECTOR = YES;
				GCC_WARN_UNINITIALIZED_AUTOS = YES_AGGRESSIVE;
				GCC_WARN_UNUSED_FUNCTION = YES;
				GCC_WARN_UNUSED_VARIABLE = YES;
				IPHONEOS_DEPLOYMENT_TARGET = 10.3;
				MTL_ENABLE_DEBUG_INFO = YES;
				ONLY_ACTIVE_ARCH = YES;
				SDKROOT = iphoneos;
				SWIFT_ACTIVE_COMPILATION_CONDITIONS = DEBUG;
				SWIFT_OPTIMIZATION_LEVEL = "-Onone";
				TARGETED_DEVICE_FAMILY = "1,2";
			};
			name = Debug;
		};
		4FC420FE1E8B0D3A0032D58A /* Release */ = {
			isa = XCBuildConfiguration;
			buildSettings = {
				ALWAYS_SEARCH_USER_PATHS = NO;
				CLANG_ANALYZER_NONNULL = YES;
				CLANG_ANALYZER_NUMBER_OBJECT_CONVERSION = YES_AGGRESSIVE;
				CLANG_CXX_LANGUAGE_STANDARD = "gnu++0x";
				CLANG_CXX_LIBRARY = "libc++";
				CLANG_ENABLE_MODULES = YES;
				CLANG_ENABLE_OBJC_ARC = YES;
				CLANG_WARN_BOOL_CONVERSION = YES;
				CLANG_WARN_CONSTANT_CONVERSION = YES;
				CLANG_WARN_DIRECT_OBJC_ISA_USAGE = YES_ERROR;
				CLANG_WARN_DOCUMENTATION_COMMENTS = YES;
				CLANG_WARN_EMPTY_BODY = YES;
				CLANG_WARN_ENUM_CONVERSION = YES;
				CLANG_WARN_INFINITE_RECURSION = YES;
				CLANG_WARN_INT_CONVERSION = YES;
				CLANG_WARN_OBJC_ROOT_CLASS = YES_ERROR;
				CLANG_WARN_SUSPICIOUS_MOVE = YES;
				CLANG_WARN_UNREACHABLE_CODE = YES;
				CLANG_WARN__DUPLICATE_METHOD_MATCH = YES;
				"CODE_SIGN_IDENTITY[sdk=iphoneos*]" = "iPhone Developer";
				COPY_PHASE_STRIP = NO;
				DEBUG_INFORMATION_FORMAT = "dwarf-with-dsym";
				ENABLE_NS_ASSERTIONS = NO;
				ENABLE_STRICT_OBJC_MSGSEND = YES;
				GCC_C_LANGUAGE_STANDARD = gnu99;
				GCC_NO_COMMON_BLOCKS = YES;
				GCC_WARN_64_TO_32_BIT_CONVERSION = YES;
				GCC_WARN_ABOUT_RETURN_TYPE = YES_ERROR;
				GCC_WARN_UNDECLARED_SELECTOR = YES;
				GCC_WARN_UNINITIALIZED_AUTOS = YES_AGGRESSIVE;
				GCC_WARN_UNUSED_FUNCTION = YES;
				GCC_WARN_UNUSED_VARIABLE = YES;
				IPHONEOS_DEPLOYMENT_TARGET = 10.3;
				MTL_ENABLE_DEBUG_INFO = NO;
				SDKROOT = iphoneos;
				SWIFT_OPTIMIZATION_LEVEL = "-Owholemodule";
				TARGETED_DEVICE_FAMILY = "1,2";
				VALIDATE_PRODUCT = YES;
			};
			name = Release;
		};
		4FC421001E8B0D3A0032D58A /* Debug */ = {
			isa = XCBuildConfiguration;
			buildSettings = {
				ASSETCATALOG_COMPILER_APPICON_NAME = AppIcon;
				DEVELOPMENT_TEAM = R3Z733BZ2Q;
				INFOPLIST_FILE = LUApps/Info.plist;
				LD_RUNPATH_SEARCH_PATHS = "$(inherited) @executable_path/Frameworks";
				PRODUCT_BUNDLE_IDENTIFIER = "-.LUApps";
				PRODUCT_NAME = "$(TARGET_NAME)";
				SWIFT_VERSION = 3.0;
			};
			name = Debug;
		};
		4FC421011E8B0D3A0032D58A /* Release */ = {
			isa = XCBuildConfiguration;
			buildSettings = {
				ASSETCATALOG_COMPILER_APPICON_NAME = AppIcon;
				DEVELOPMENT_TEAM = R3Z733BZ2Q;
				INFOPLIST_FILE = LUApps/Info.plist;
				LD_RUNPATH_SEARCH_PATHS = "$(inherited) @executable_path/Frameworks";
				PRODUCT_BUNDLE_IDENTIFIER = "-.LUApps";
				PRODUCT_NAME = "$(TARGET_NAME)";
				SWIFT_VERSION = 3.0;
			};
			name = Release;
		};
/* End XCBuildConfiguration section */

/* Begin XCConfigurationList section */
		4FC420E81E8B0D3A0032D58A /* Build configuration list for PBXProject "LUApps" */ = {
			isa = XCConfigurationList;
			buildConfigurations = (
				4FC420FD1E8B0D3A0032D58A /* Debug */,
				4FC420FE1E8B0D3A0032D58A /* Release */,
			);
			defaultConfigurationIsVisible = 0;
			defaultConfigurationName = Release;
		};
		4FC420FF1E8B0D3A0032D58A /* Build configuration list for PBXNativeTarget "LUApps" */ = {
			isa = XCConfigurationList;
			buildConfigurations = (
				4FC421001E8B0D3A0032D58A /* Debug */,
				4FC421011E8B0D3A0032D58A /* Release */,
			);
			defaultConfigurationIsVisible = 0;
		};
/* End XCConfigurationList section */
	};
	rootObject = 4FC420E51E8B0D3A0032D58A /* Project object */;
}
